Microsoft Visual Studio Solution File, Format Version 12.00
# Visual Studio Version 17
VisualStudioVersion = 17.5.2.0
MinimumVisualStudioVersion = 10.0.40219.1
Project("{FAE04EC0-301F-11D3-BF4B-00C04F79EFBC}") = "ChileStream.API", "ChileStream.API\ChileStream.API.csproj", "{BA0BBB7F-9DF2-05C5-416D-23249545EAB0}"
EndProject
Global
	GlobalSection(SolutionConfigurationPlatforms) = preSolution
		Debug|Any CPU = Debug|Any CPU
		Release|Any CPU = Release|Any CPU
	EndGlobalSection
	GlobalSection(ProjectConfigurationPlatforms) = postSolution
		{BA0BBB7F-9DF2-05C5-416D-23249545EAB0}.Debug|Any CPU.ActiveCfg = Debug|Any CPU
		{BA0BBB7F-9DF2-05C5-416D-23249545EAB0}.Debug|Any CPU.Build.0 = Debug|Any CPU
		{BA0BBB7F-9DF2-05C5-416D-23249545EAB0}.Release|Any CPU.ActiveCfg = Release|Any CPU
		{BA0BBB7F-9DF2-05C5-416D-23249545EAB0}.Release|Any CPU.Build.0 = Release|Any CPU
	EndGlobalSection
	GlobalSection(SolutionProperties) = preSolution
		HideSolutionNode = FALSE
	EndGlobalSection
	GlobalSection(ExtensibilityGlobals) = postSolution
		SolutionGuid = {F76D7B1B-580E-4F4C-8648-D48E56D515F6}
	EndGlobalSection
EndGlobal
